{
    "version": 3,
    "terraform_version": "0.11.7",
    "serial": 4,
    "lineage": "13bc6f2c-28b9-89f7-b363-1180cbc31de8",
    "modules": [
        {
            "path": [
                "root"
            ],
            "outputs": {
                "web_public_ip": {
                    "sensitive": false,
                    "type": "string",
                    "value": "54.172.233.118"
                }
            },
            "resources": {
                "aws_instance.web": {
                    "type": "aws_instance",
                    "depends_on": [
                        "aws_key_pair.my-key",
                        "aws_security_group.web-sg"
                    ],
                    "primary": {
                        "id": "i-0905324b52623ec4d",
                        "attributes": {
                            "ami": "ami-a4dc46db",
                            "associate_public_ip_address": "true",
                            "availability_zone": "us-east-1d",
                            "credit_specification.#": "1",
                            "credit_specification.0.cpu_credits": "standard",
                            "disable_api_termination": "false",
                            "ebs_block_device.#": "0",
                            "ebs_optimized": "false",
                            "ephemeral_block_device.#": "0",
                            "get_password_data": "false",
                            "iam_instance_profile": "",
                            "id": "i-0905324b52623ec4d",
                            "instance_state": "running",
                            "instance_type": "t2.medium",
                            "ipv6_addresses.#": "0",
                            "key_name": "my-key",
                            "monitoring": "false",
                            "network_interface.#": "0",
                            "network_interface_id": "eni-5d364e39",
                            "password_data": "",
                            "placement_group": "",
                            "primary_network_interface_id": "eni-5d364e39",
                            "private_dns": "ip-172-31-21-53.ec2.internal",
                            "private_ip": "172.31.21.53",
                            "public_dns": "ec2-54-172-233-118.compute-1.amazonaws.com",
                            "public_ip": "54.172.233.118",
                            "root_block_device.#": "1",
                            "root_block_device.0.delete_on_termination": "true",
                            "root_block_device.0.iops": "100",
                            "root_block_device.0.volume_id": "vol-0a892a2ba87be92b1",
                            "root_block_device.0.volume_size": "8",
                            "root_block_device.0.volume_type": "gp2",
                            "security_groups.#": "1",
                            "security_groups.2152288274": "web-sg",
                            "source_dest_check": "true",
                            "subnet_id": "subnet-53d63019",
                            "tags.%": "1",
                            "tags.Name": "web",
                            "tenancy": "default",
                            "user_data": "ef3961338e559d26fb95861b0ed935a60cc88319",
                            "volume_tags.%": "0",
                            "vpc_security_group_ids.#": "1",
                            "vpc_security_group_ids.3381278316": "sg-9d03f1d7"
                        },
                        "meta": {
                            "e2bfb730-ecaa-11e6-8f88-34363bc7c4c0": {
                                "create": 600000000000,
                                "delete": 1200000000000,
                                "update": 600000000000
                            },
                            "schema_version": "1"
                        },
                        "tainted": false
                    },
                    "deposed": [],
                    "provider": "provider.aws"
                },
                "aws_key_pair.my-key": {
                    "type": "aws_key_pair",
                    "depends_on": [],
                    "primary": {
                        "id": "my-key",
                        "attributes": {
                            "id": "my-key",
                            "key_name": "my-key",
                            "public_key": "ssh-rsa AAAAB3NzaC1yc2EAAAADAQABAAABAQDB6n9K78fB+4HzwqgwLQkd94bawaMdxF6LHqm4eeBWcvVKdE4EJwTGNA6QgfklJevZZFx/BU7xKn0I1iU86Z8Jwmn0dSaohFpcT+ckDoFfugbkQ28nO80rhOZK02m3U/HN7DjJePgLHkpMt6B527DFKrfNvFPZ9h/0EofH/4V2Xj6YFeaomxXtg31hZ7qcKSrI54YmtzFhUau0H6ndr45jVgzTqxYiIk/ioARt/hsmAzglym0/OE2qsGgpf+0gXZo7sLjvuaMhLuM7RqryOqEddqLeZnksJ6hippNUoC9esgJSBWrUSCTRenjurPDtqK2ZN7BS55Z3LG0eOsonJqBB my-email@example.com"
                        },
                        "meta": {
                            "schema_version": "1"
                        },
                        "tainted": false
                    },
                    "deposed": [],
                    "provider": "provider.aws"
                },
                "aws_security_group.web-sg": {
                    "type": "aws_security_group",
                    "depends_on": [],
                    "primary": {
                        "id": "sg-9d03f1d7",
                        "attributes": {
                            "arn": "arn:aws:ec2:us-east-1:789248082627:security-group/sg-9d03f1d7",
                            "description": "Managed by Terraform",
                            "egress.#": "0",
                            "id": "sg-9d03f1d7",
                            "ingress.#": "0",
                            "name": "web-sg",
                            "owner_id": "789248082627",
                            "revoke_rules_on_delete": "false",
                            "tags.%": "1",
                            "tags.Name": "web-sg",
                            "vpc_id": "vpc-be33ecc5"
                        },
                        "meta": {
                            "e2bfb730-ecaa-11e6-8f88-34363bc7c4c0": {
                                "create": 600000000000,
                                "delete": 600000000000
                            },
                            "schema_version": "1"
                        },
                        "tainted": false
                    },
                    "deposed": [],
                    "provider": "provider.aws"
                },
                "aws_security_group_rule.allow_all_outbound": {
                    "type": "aws_security_group_rule",
                    "depends_on": [
                        "aws_security_group.web-sg"
                    ],
                    "primary": {
                        "id": "sgrule-1488045596",
                        "attributes": {
                            "cidr_blocks.#": "1",
                            "cidr_blocks.0": "0.0.0.0/0",
                            "from_port": "0",
                            "id": "sgrule-1488045596",
                            "protocol": "-1",
                            "security_group_id": "sg-9d03f1d7",
                            "self": "false",
                            "to_port": "0",
                            "type": "egress"
                        },
                        "meta": {
                            "schema_version": "2"
                        },
                        "tainted": false
                    },
                    "deposed": [],
                    "provider": "provider.aws"
                },
                "aws_security_group_rule.allow_http_inbound": {
                    "type": "aws_security_group_rule",
                    "depends_on": [
                        "aws_security_group.web-sg"
                    ],
                    "primary": {
                        "id": "sgrule-2811026454",
                        "attributes": {
                            "cidr_blocks.#": "1",
                            "cidr_blocks.0": "0.0.0.0/0",
                            "from_port": "8080",
                            "id": "sgrule-2811026454",
                            "protocol": "tcp",
                            "security_group_id": "sg-9d03f1d7",
                            "self": "false",
                            "to_port": "8080",
                            "type": "ingress"
                        },
                        "meta": {
                            "schema_version": "2"
                        },
                        "tainted": false
                    },
                    "deposed": [],
                    "provider": "provider.aws"
                },
                "aws_security_group_rule.allow_ssh_inbound": {
                    "type": "aws_security_group_rule",
                    "depends_on": [
                        "aws_security_group.web-sg"
                    ],
                    "primary": {
                        "id": "sgrule-275108737",
                        "attributes": {
                            "cidr_blocks.#": "1",
                            "cidr_blocks.0": "0.0.0.0/0",
                            "from_port": "22",
                            "id": "sgrule-275108737",
                            "protocol": "tcp",
                            "security_group_id": "sg-9d03f1d7",
                            "self": "false",
                            "to_port": "22",
                            "type": "ingress"
                        },
                        "meta": {
                            "schema_version": "2"
                        },
                        "tainted": false
                    },
                    "deposed": [],
                    "provider": "provider.aws"
                }
            },
            "depends_on": []
        }
    ]
}
